
Microsoft Visual Studio Solution File, Format Version 12.00
# Visual Studio 15
VisualStudioVersion = 15.0.28307.421
MinimumVisualStudioVersion = 10.0.40219.1
Project("{FAE04EC0-301F-11D3-BF4B-00C04F79EFBC}") = "task01", "task01\task01.csproj", "{8CD77D03-7BF6-4D3A-A93F-D47F00525B51}"
EndProject
Project("{FAE04EC0-301F-11D3-BF4B-00C04F79EFBC}") = "task02", "task02\task02.csproj", "{2E3A8582-F315-4BAE-A0BC-8EA0191FB97E}"
EndProject
Project("{FAE04EC0-301F-11D3-BF4B-00C04F79EFBC}") = "task03", "task03\task03.csproj", "{99F69D2C-F502-4FD1-9AA3-A30DB2BF5AB2}"
EndProject
Global
	GlobalSection(SolutionConfigurationPlatforms) = preSolution
		Debug|Any CPU = Debug|Any CPU
		Release|Any CPU = Release|Any CPU
	EndGlobalSection
	GlobalSection(ProjectConfigurationPlatforms) = postSolution
		{8CD77D03-7BF6-4D3A-A93F-D47F00525B51}.Debug|Any CPU.ActiveCfg = Debug|Any CPU
		{8CD77D03-7BF6-4D3A-A93F-D47F00525B51}.Debug|Any CPU.Build.0 = Debug|Any CPU
		{8CD77D03-7BF6-4D3A-A93F-D47F00525B51}.Release|Any CPU.ActiveCfg = Release|Any CPU
		{8CD77D03-7BF6-4D3A-A93F-D47F00525B51}.Release|Any CPU.Build.0 = Release|Any CPU
		{2E3A8582-F315-4BAE-A0BC-8EA0191FB97E}.Debug|Any CPU.ActiveCfg = Debug|Any CPU
		{2E3A8582-F315-4BAE-A0BC-8EA0191FB97E}.Debug|Any CPU.Build.0 = Debug|Any CPU
		{2E3A8582-F315-4BAE-A0BC-8EA0191FB97E}.Release|Any CPU.ActiveCfg = Release|Any CPU
		{2E3A8582-F315-4BAE-A0BC-8EA0191FB97E}.Release|Any CPU.Build.0 = Release|Any CPU
		{99F69D2C-F502-4FD1-9AA3-A30DB2BF5AB2}.Debug|Any CPU.ActiveCfg = Debug|Any CPU
		{99F69D2C-F502-4FD1-9AA3-A30DB2BF5AB2}.Debug|Any CPU.Build.0 = Debug|Any CPU
		{99F69D2C-F502-4FD1-9AA3-A30DB2BF5AB2}.Release|Any CPU.ActiveCfg = Release|Any CPU
		{99F69D2C-F502-4FD1-9AA3-A30DB2BF5AB2}.Release|Any CPU.Build.0 = Release|Any CPU
	EndGlobalSection
	GlobalSection(SolutionProperties) = preSolution
		HideSolutionNode = FALSE
	EndGlobalSection
	GlobalSection(ExtensibilityGlobals) = postSolution
		SolutionGuid = {6FD009C2-7FE5-4784-9199-EA03F422F97A}
	EndGlobalSection
EndGlobal
